Microsoft Visual Studio Solution File, Format Version 12.00
# Visual Studio 2012
Project("{FAE04EC0-301F-11D3-BF4B-00C04F79EFBC}") = "lab-game-marcao", "lab-game-marcao.csproj", "{DB263D50-6EA2-43D7-AFB5-D97D33E990C9}"
EndProject
Global
	GlobalSection(SolutionConfigurationPlatforms) = preSolution
	Debug|Any CPU = Debug|Any CPU
	ExportDebug|Any CPU = ExportDebug|Any CPU
	ExportRelease|Any CPU = ExportRelease|Any CPU
	EndGlobalSection
	GlobalSection(ProjectConfigurationPlatforms) = postSolution
		{DB263D50-6EA2-43D7-AFB5-D97D33E990C9}.Debug|Any CPU.ActiveCfg = Debug|Any CPU
		{DB263D50-6EA2-43D7-AFB5-D97D33E990C9}.Debug|Any CPU.Build.0 = Debug|Any CPU
		{DB263D50-6EA2-43D7-AFB5-D97D33E990C9}.ExportDebug|Any CPU.ActiveCfg = ExportDebug|Any CPU
		{DB263D50-6EA2-43D7-AFB5-D97D33E990C9}.ExportDebug|Any CPU.Build.0 = ExportDebug|Any CPU
		{DB263D50-6EA2-43D7-AFB5-D97D33E990C9}.ExportRelease|Any CPU.ActiveCfg = ExportRelease|Any CPU
		{DB263D50-6EA2-43D7-AFB5-D97D33E990C9}.ExportRelease|Any CPU.Build.0 = ExportRelease|Any CPU
	EndGlobalSection
EndGlobal
